
Microsoft Visual Studio Solution File, Format Version 12.00
# Visual Studio Express 2012 for Windows Desktop
Project("{FAE04EC0-301F-11D3-BF4B-00C04F79EFBC}") = "AplicacionVideo7", "AplicacionVideo7\AplicacionVideo7.csproj", "{62E6CFC0-FC98-473F-B798-2061984B30FE}"
EndProject
Global
	GlobalSection(SolutionConfigurationPlatforms) = preSolution
		Debug|Any CPU = Debug|Any CPU
		Release|Any CPU = Release|Any CPU
	EndGlobalSection
	GlobalSection(ProjectConfigurationPlatforms) = postSolution
		{62E6CFC0-FC98-473F-B798-2061984B30FE}.Debug|Any CPU.ActiveCfg = Debug|Any CPU
		{62E6CFC0-FC98-473F-B798-2061984B30FE}.Debug|Any CPU.Build.0 = Debug|Any CPU
		{62E6CFC0-FC98-473F-B798-2061984B30FE}.Release|Any CPU.ActiveCfg = Release|Any CPU
		{62E6CFC0-FC98-473F-B798-2061984B30FE}.Release|Any CPU.Build.0 = Release|Any CPU
	EndGlobalSection
	GlobalSection(SolutionProperties) = preSolution
		HideSolutionNode = FALSE
	EndGlobalSection
EndGlobal
