
Microsoft Visual Studio Solution File, Format Version 12.00
# Visual Studio Express 2012 for Windows Desktop
Project("{FAE04EC0-301F-11D3-BF4B-00C04F79EFBC}") = "PruebaBinding", "PruebaBinding\PruebaBinding.csproj", "{9BA1F623-11DB-45FE-8E07-FEEC36B88731}"
EndProject
Global
	GlobalSection(SolutionConfigurationPlatforms) = preSolution
		Debug|Any CPU = Debug|Any CPU
		Release|Any CPU = Release|Any CPU
	EndGlobalSection
	GlobalSection(ProjectConfigurationPlatforms) = postSolution
		{9BA1F623-11DB-45FE-8E07-FEEC36B88731}.Debug|Any CPU.ActiveCfg = Debug|Any CPU
		{9BA1F623-11DB-45FE-8E07-FEEC36B88731}.Debug|Any CPU.Build.0 = Debug|Any CPU
		{9BA1F623-11DB-45FE-8E07-FEEC36B88731}.Release|Any CPU.ActiveCfg = Release|Any CPU
		{9BA1F623-11DB-45FE-8E07-FEEC36B88731}.Release|Any CPU.Build.0 = Release|Any CPU
	EndGlobalSection
	GlobalSection(SolutionProperties) = preSolution
		HideSolutionNode = FALSE
	EndGlobalSection
EndGlobal
