
Microsoft Visual Studio Solution File, Format Version 12.00
# Visual Studio Express 2012 for Windows Desktop
Project("{FAE04EC0-301F-11D3-BF4B-00C04F79EFBC}") = "SeleccionaPersonasDireccion", "SeleccionaPersonasDireccion\SeleccionaPersonasDireccion.csproj", "{A7DF9053-811E-400A-B029-B42544837670}"
EndProject
Global
	GlobalSection(SolutionConfigurationPlatforms) = preSolution
		Debug|Any CPU = Debug|Any CPU
		Release|Any CPU = Release|Any CPU
	EndGlobalSection
	GlobalSection(ProjectConfigurationPlatforms) = postSolution
		{A7DF9053-811E-400A-B029-B42544837670}.Debug|Any CPU.ActiveCfg = Debug|Any CPU
		{A7DF9053-811E-400A-B029-B42544837670}.Debug|Any CPU.Build.0 = Debug|Any CPU
		{A7DF9053-811E-400A-B029-B42544837670}.Release|Any CPU.ActiveCfg = Release|Any CPU
		{A7DF9053-811E-400A-B029-B42544837670}.Release|Any CPU.Build.0 = Release|Any CPU
	EndGlobalSection
	GlobalSection(SolutionProperties) = preSolution
		HideSolutionNode = FALSE
	EndGlobalSection
EndGlobal
